
Microsoft Visual Studio Solution File, Format Version 12.00
# Visual Studio 2015
Project("{FAE04EC0-301F-11D3-BF4B-00C04F79EFBC}") = "Homeless", "Homeless.csproj", "{FD30DF06-8F5A-B5E2-C657-62E9986B0AF3}"
EndProject
Project("{FAE04EC0-301F-11D3-BF4B-00C04F79EFBC}") = "Homeless.Editor", "Homeless.Editor.csproj", "{830FDAC0-7A2B-43BF-C292-A833EF30F0B8}"
EndProject
Global
	GlobalSection(SolutionConfigurationPlatforms) = preSolution
		Debug|Any CPU = Debug|Any CPU
		Release|Any CPU = Release|Any CPU
	EndGlobalSection
	GlobalSection(ProjectConfigurationPlatforms) = postSolution
		{FD30DF06-8F5A-B5E2-C657-62E9986B0AF3}.Debug|Any CPU.ActiveCfg = Debug|Any CPU
		{FD30DF06-8F5A-B5E2-C657-62E9986B0AF3}.Debug|Any CPU.Build.0 = Debug|Any CPU
		{FD30DF06-8F5A-B5E2-C657-62E9986B0AF3}.Release|Any CPU.ActiveCfg = Release|Any CPU
		{FD30DF06-8F5A-B5E2-C657-62E9986B0AF3}.Release|Any CPU.Build.0 = Release|Any CPU
		{830FDAC0-7A2B-43BF-C292-A833EF30F0B8}.Debug|Any CPU.ActiveCfg = Debug|Any CPU
		{830FDAC0-7A2B-43BF-C292-A833EF30F0B8}.Debug|Any CPU.Build.0 = Debug|Any CPU
		{830FDAC0-7A2B-43BF-C292-A833EF30F0B8}.Release|Any CPU.ActiveCfg = Release|Any CPU
		{830FDAC0-7A2B-43BF-C292-A833EF30F0B8}.Release|Any CPU.Build.0 = Release|Any CPU
	EndGlobalSection
	GlobalSection(SolutionProperties) = preSolution
		HideSolutionNode = FALSE
	EndGlobalSection
EndGlobal
